# This file is generated by running "yarn install" inside your project.
# Manual changes might be lost - proceed with caution!

__metadata:
  version: 8
  cacheKey: 10c0

"@commitlint/config-conventional@npm:^17.0.2":
  version: 17.8.1
  resolution: "@commitlint/config-conventional@npm:17.8.1"
  dependencies:
    conventional-changelog-conventionalcommits: "npm:^6.1.0"
  checksum: 10c0/70abdc9f1361386060b30620decc376bc33ff0c27c6f2f89511df1d53127d238af7c3409db22651282caa614d54b91b1f5e35905d12b1f5db70603c351f6e482
  languageName: node
  linkType: hard

"@evilmartians/lefthook@npm:^1.5.0":
  version: 1.11.12
  resolution: "@evilmartians/lefthook@npm:1.11.12"
  bin:
    lefthook: bin/index.js
  checksum: 10c0/6cf10dcad826b00d945b99688a0b55a1ccf2fe41fb84e036c9157051dae494d97e41a514fb71fa217e60e2ccc6cfecd8ab753ed79096b1ae8d43611d3a9f1948
  conditions: (os=darwin | os=linux | os=win32) & (cpu=x64 | cpu=arm64 | cpu=ia32)
  languageName: node
  linkType: hard

"@sinclair/typebox@npm:^0.34.33":
  version: 0.34.33
  resolution: "@sinclair/typebox@npm:0.34.33"
  checksum: 10c0/88ab4f7afc7514d576602dce5c892462a89f9082d77dde0e8e21342b3a5c8891ddfc51a65e7dbd5b3f5cbd8f5cb76aded0c0edcfcfb5730f189c2819de9583a7
  languageName: node
  linkType: hard

"@types/node@npm:*":
  version: 22.15.17
  resolution: "@types/node@npm:22.15.17"
  dependencies:
    undici-types: "npm:~6.21.0"
  checksum: 10c0/fb92aa10b628683c5b965749f955bc2322485ecb0ea6c2f4cae5f2c7537a16834607e67083a9e9281faaae8d7dee9ada8d6a5c0de9a52c17d82912ef00c0fdd4
  languageName: node
  linkType: hard

"@types/paho-mqtt@npm:^1":
  version: 1.0.10
  resolution: "@types/paho-mqtt@npm:1.0.10"
  checksum: 10c0/656ff8195774aa1800486cb97f328021b5aaf1f919ae7731202fbcf4f7851775e563cef1b955d6f0362fd5395c8023c9f1dcff91d1c330fe8fbbd27a577c12a3
  languageName: node
  linkType: hard

"app@workspace:apps/server":
  version: 0.0.0-use.local
  resolution: "app@workspace:apps/server"
  dependencies:
    "@types/paho-mqtt": "npm:^1"
    bun-types: "npm:latest"
    elysia: "npm:latest"
    paho-mqtt: "npm:^1.1.0"
  languageName: unknown
  linkType: soft

"array-ify@npm:^1.0.0":
  version: 1.0.0
  resolution: "array-ify@npm:1.0.0"
  checksum: 10c0/75c9c072faac47bd61779c0c595e912fe660d338504ac70d10e39e1b8a4a0c9c87658703d619b9d1b70d324177ae29dc8d07dda0d0a15d005597bc4c5a59c70c
  languageName: node
  linkType: hard

"bun-types@npm:latest":
  version: 1.2.12
  resolution: "bun-types@npm:1.2.12"
  dependencies:
    "@types/node": "npm:*"
  checksum: 10c0/9e6f421f82164f39ada25f202969f267609e477286817395420cf2b0f4d9e98d2243ec5e73f564a4448941d6706a53329e2fbdbdac7e2e6a32f6882ec63eddae
  languageName: node
  linkType: hard

"compare-func@npm:^2.0.0":
  version: 2.0.0
  resolution: "compare-func@npm:2.0.0"
  dependencies:
    array-ify: "npm:^1.0.0"
    dot-prop: "npm:^5.1.0"
  checksum: 10c0/78bd4dd4ed311a79bd264c9e13c36ed564cde657f1390e699e0f04b8eee1fc06ffb8698ce2dfb5fbe7342d509579c82d4e248f08915b708f77f7b72234086cc3
  languageName: node
  linkType: hard

"conventional-changelog-conventionalcommits@npm:^6.1.0":
  version: 6.1.0
  resolution: "conventional-changelog-conventionalcommits@npm:6.1.0"
  dependencies:
    compare-func: "npm:^2.0.0"
  checksum: 10c0/b313f5c0160d109f58d976566e1331ede3a25ab19fbf43f86763b280659195de00a68551f7f3930bf1cbf39a5e707d94f2a25b79996e59043fa9ee0bed68a79f
  languageName: node
  linkType: hard

"cookie@npm:^1.0.2":
  version: 1.0.2
  resolution: "cookie@npm:1.0.2"
  checksum: 10c0/fd25fe79e8fbcfcaf6aa61cd081c55d144eeeba755206c058682257cb38c4bd6795c6620de3f064c740695bb65b7949ebb1db7a95e4636efb8357a335ad3f54b
  languageName: node
  linkType: hard

"dot-prop@npm:^5.1.0":
  version: 5.3.0
  resolution: "dot-prop@npm:5.3.0"
  dependencies:
    is-obj: "npm:^2.0.0"
  checksum: 10c0/93f0d343ef87fe8869320e62f2459f7e70f49c6098d948cc47e060f4a3f827d0ad61e83cb82f2bd90cd5b9571b8d334289978a43c0f98fea4f0e99ee8faa0599
  languageName: node
  linkType: hard

"elysia@npm:latest":
  version: 1.3.1
  resolution: "elysia@npm:1.3.1"
  dependencies:
    "@sinclair/typebox": "npm:^0.34.33"
    cookie: "npm:^1.0.2"
    exact-mirror: "npm:0.1.2"
    fast-decode-uri-component: "npm:^1.0.1"
    openapi-types: "npm:^12.1.3"
  peerDependencies:
    "@sinclair/typebox": ">= 0.34.0"
    exact-mirror: ">= 0.0.9"
    file-type: ">= 20.0.0"
    openapi-types: ">= 12.0.0"
    typescript: ">= 5.0.0"
  dependenciesMeta:
    "@sinclair/typebox":
      optional: true
    openapi-types:
      optional: true
  checksum: 10c0/1ccf3f5c1e1eed5bca839a2a830ceb0d82b5311f3c160e8d3249379b746b6788ebf7c3875535c75d0039384b81e60cf3d77b2ae55e52f5ab14adc4a15fc5a6f9
  languageName: node
  linkType: hard

"exact-mirror@npm:0.1.2":
  version: 0.1.2
  resolution: "exact-mirror@npm:0.1.2"
  peerDependencies:
    "@sinclair/typebox": ^0.34.15
  peerDependenciesMeta:
    "@sinclair/typebox":
      optional: true
  checksum: 10c0/26e8924494b6a1e3db4bca9376a33da0b50821f486158fd6bda46f82af863ff856117b4ca5b864004400668550bf219879c117e8179683c418f8847bd0507b96
  languageName: node
  linkType: hard

"fast-decode-uri-component@npm:^1.0.1":
  version: 1.0.1
  resolution: "fast-decode-uri-component@npm:1.0.1"
  checksum: 10c0/039d50c2e99d64f999c3f2126c23fbf75a04a4117e218a149ca0b1d2aeb8c834b7b19d643b9d35d4eabce357189a6a94085f78cf48869e6e26cc59b036284bc3
  languageName: node
  linkType: hard

"is-obj@npm:^2.0.0":
  version: 2.0.0
  resolution: "is-obj@npm:2.0.0"
  checksum: 10c0/85044ed7ba8bd169e2c2af3a178cacb92a97aa75de9569d02efef7f443a824b5e153eba72b9ae3aca6f8ce81955271aa2dc7da67a8b720575d3e38104208cb4e
  languageName: node
  linkType: hard

"openapi-types@npm:^12.1.3":
  version: 12.1.3
  resolution: "openapi-types@npm:12.1.3"
  checksum: 10c0/4ad4eb91ea834c237edfa6ab31394e87e00c888fc2918009763389c00d02342345195d6f302d61c3fd807f17723cd48df29b47b538b68375b3827b3758cd520f
  languageName: node
  linkType: hard

"paho-mqtt@npm:^1.1.0":
  version: 1.1.0
  resolution: "paho-mqtt@npm:1.1.0"
  checksum: 10c0/499a130b8daf3712a91efad4ce3856a067571de7b5dd2c13d872ab209558903332ba961198dab458d09fc3a64e8a7bc9d374f929e4cffa0b23bbce944d4cb1d8
  languageName: node
  linkType: hard

"slaps_and_kisses@workspace:.":
  version: 0.0.0-use.local
  resolution: "slaps_and_kisses@workspace:."
  dependencies:
    "@commitlint/config-conventional": "npm:^17.0.2"
    "@evilmartians/lefthook": "npm:^1.5.0"
  languageName: unknown
  linkType: soft

"undici-types@npm:~6.21.0":
  version: 6.21.0
  resolution: "undici-types@npm:6.21.0"
  checksum: 10c0/c01ed51829b10aa72fc3ce64b747f8e74ae9b60eafa19a7b46ef624403508a54c526ffab06a14a26b3120d055e1104d7abe7c9017e83ced038ea5cf52f8d5e04
  languageName: node
  linkType: hard
